{
    "version": 3,
    "terraform_version": "0.11.7",
    "serial": 3,
    "lineage": "5c4813a6-45a8-980f-74e9-5adc6db1b1b6",
    "modules": [
        {
            "path": [
                "root"
            ],
            "outputs": {},
            "resources": {
                "azurerm_app_service.nft_app_service": {
                    "type": "azurerm_app_service",
                    "depends_on": [
                        "azurerm_app_service_plan.nft_app_service_plan",
                        "azurerm_resource_group.nft_resource_group"
                    ],
                    "primary": {
                        "id": "/subscriptions/bc0b3b15-7d6c-4fa4-b3a7-d208b08fde5c/resourceGroups/TestWebAppRG/providers/Microsoft.Web/sites/TestWebApp0101",
                        "attributes": {
                            "app_service_plan_id": "/subscriptions/bc0b3b15-7d6c-4fa4-b3a7-d208b08fde5c/resourceGroups/TestWebAppRG/providers/Microsoft.Web/serverfarms/some-app-service-plan",
                            "app_settings.%": "1",
                            "app_settings.WEBSITE_NODE_DEFAULT_VERSION": "6.9.1",
                            "client_affinity_enabled": "true",
                            "connection_string.#": "0",
                            "default_site_hostname": "testwebapp0101.azurewebsites.net",
                            "enabled": "true",
                            "https_only": "false",
                            "id": "/subscriptions/bc0b3b15-7d6c-4fa4-b3a7-d208b08fde5c/resourceGroups/TestWebAppRG/providers/Microsoft.Web/sites/TestWebApp0101",
                            "identity.#": "0",
                            "location": "westeurope",
                            "name": "TestWebApp0101",
                            "outbound_ip_addresses": "52.174.184.18,52.178.108.57,52.174.189.28,52.174.197.249,52.174.184.182",
                            "resource_group_name": "TestWebAppRG",
                            "site_config.#": "1",
                            "site_config.0.always_on": "false",
                            "site_config.0.default_documents.#": "1",
                            "site_config.0.default_documents.0": "index.html",
                            "site_config.0.dotnet_framework_version": "v4.0",
                            "site_config.0.ftps_state": "AllAllowed",
                            "site_config.0.http2_enabled": "false",
                            "site_config.0.ip_restriction.#": "0",
                            "site_config.0.java_container": "",
                            "site_config.0.java_container_version": "",
                            "site_config.0.java_version": "",
                            "site_config.0.linux_fx_version": "",
                            "site_config.0.local_mysql_enabled": "false",
                            "site_config.0.managed_pipeline_mode": "Integrated",
                            "site_config.0.min_tls_version": "1.2",
                            "site_config.0.php_version": "",
                            "site_config.0.python_version": "",
                            "site_config.0.remote_debugging_enabled": "false",
                            "site_config.0.remote_debugging_version": "VS2012",
                            "site_config.0.scm_type": "None",
                            "site_config.0.use_32_bit_worker_process": "false",
                            "site_config.0.websockets_enabled": "false",
                            "site_credential.#": "1",
                            "site_credential.0.password": "X85X16HjGjMAtKtGLKW2zKk2XCnWhK60AQYd86SS2KubEyhTKk0Mu3R2xhLd",
                            "site_credential.0.username": "$TestWebApp0101",
                            "source_control.#": "1",
                            "source_control.0.branch": "master",
                            "source_control.0.repo_url": "",
                            "tags.%": "0"
                        },
                        "meta": {},
                        "tainted": false
                    },
                    "deposed": [],
                    "provider": "provider.azurerm"
                },
                "azurerm_app_service_plan.nft_app_service_plan": {
                    "type": "azurerm_app_service_plan",
                    "depends_on": [
                        "azurerm_resource_group.nft_resource_group"
                    ],
                    "primary": {
                        "id": "/subscriptions/bc0b3b15-7d6c-4fa4-b3a7-d208b08fde5c/resourceGroups/TestWebAppRG/providers/Microsoft.Web/serverfarms/some-app-service-plan",
                        "attributes": {
                            "id": "/subscriptions/bc0b3b15-7d6c-4fa4-b3a7-d208b08fde5c/resourceGroups/TestWebAppRG/providers/Microsoft.Web/serverfarms/some-app-service-plan",
                            "kind": "Windows",
                            "location": "westeurope",
                            "maximum_number_of_workers": "10",
                            "name": "some-app-service-plan",
                            "properties.#": "1",
                            "properties.0.app_service_environment_id": "",
                            "properties.0.per_site_scaling": "false",
                            "properties.0.reserved": "false",
                            "resource_group_name": "TestWebAppRG",
                            "sku.#": "1",
                            "sku.0.capacity": "1",
                            "sku.0.size": "S1",
                            "sku.0.tier": "Standard",
                            "tags.%": "0"
                        },
                        "meta": {},
                        "tainted": false
                    },
                    "deposed": [],
                    "provider": "provider.azurerm"
                },
                "azurerm_resource_group.nft_resource_group": {
                    "type": "azurerm_resource_group",
                    "depends_on": [],
                    "primary": {
                        "id": "/subscriptions/bc0b3b15-7d6c-4fa4-b3a7-d208b08fde5c/resourceGroups/TestWebAppRG",
                        "attributes": {
                            "id": "/subscriptions/bc0b3b15-7d6c-4fa4-b3a7-d208b08fde5c/resourceGroups/TestWebAppRG",
                            "location": "westeurope",
                            "name": "TestWebAppRG",
                            "tags.%": "0"
                        },
                        "meta": {},
                        "tainted": false
                    },
                    "deposed": [],
                    "provider": "provider.azurerm"
                }
            },
            "depends_on": []
        }
    ]
}
